{
  "pins" : [
    {
      "identity" : "swiftextensions",
      "kind" : "remoteSourceControl",
      "location" : "https://github.com/tomieq/SwiftExtensions",
      "state" : {
        "branch" : "master",
        "revision" : "16eae437cc390ebdde53504db232780960e5edf6"
      }
    }
  ],
  "version" : 2
}
