{
  "pins" : [
    {
      "identity" : "swiftextensions",
      "kind" : "remoteSourceControl",
      "location" : "https://github.com/tomieq/SwiftExtensions",
      "state" : {
        "branch" : "master",
        "revision" : "e1325a2d125cc0cca9944fe06cce26fbdf1c613f"
      }
    }
  ],
  "version" : 2
}
